
Microsoft Visual Studio Solution File, Format Version 12.00
# Visual Studio Version 16
VisualStudioVersion = 16.0.31829.152
MinimumVisualStudioVersion = 10.0.40219.1
Project("{9A19103F-16F7-4668-BE54-9A1E7A4F7556}") = "TrashVacBackEnd.Web", "TrashVacBackEnd.Web\TrashVacBackEnd.Web.csproj", "{4A26D170-73E6-482F-AB90-E12958DDE4E2}"
EndProject
Project("{9A19103F-16F7-4668-BE54-9A1E7A4F7556}") = "TrashVacBackEnd.Core", "TrashVacBackEnd.Core\TrashVacBackEnd.Core.csproj", "{52798B25-9000-469A-892C-BC6AF73CA892}"
EndProject
Project("{2150E333-8FDC-42A3-9474-1A3956D46DE8}") = "TestClient", "TestClient", "{7C92B942-1790-4FB3-8A82-E0F9D2C06F6F}"
EndProject
Project("{FAE04EC0-301F-11D3-BF4B-00C04F79EFBC}") = "TrashVacTestClient.Win", "TrashVacTestClient.Win\TrashVacTestClient.Win.csproj", "{98635127-0857-41B3-A27F-24F3F3D3DC08}"
EndProject
Project("{2150E333-8FDC-42A3-9474-1A3956D46DE8}") = "AdminApp", "AdminApp", "{63AEF409-C41D-4397-9647-FD1C11E330E5}"
EndProject
Project("{FAE04EC0-301F-11D3-BF4B-00C04F79EFBC}") = "TrashVac.Admin", "TrashVac.Admin\TrashVac.Admin.csproj", "{718115D5-FFA8-4A55-AE5F-C41F6C7F2D9D}"
EndProject
Project("{FAE04EC0-301F-11D3-BF4B-00C04F79EFBC}") = "TrashVac.Entity", "TrashVac.Entity\TrashVac.Entity.csproj", "{814D841B-8E5A-4BC6-A85B-B78DB4890B3E}"
EndProject
Global
	GlobalSection(SolutionConfigurationPlatforms) = preSolution
		Debug|Any CPU = Debug|Any CPU
		Release|Any CPU = Release|Any CPU
	EndGlobalSection
	GlobalSection(ProjectConfigurationPlatforms) = postSolution
		{4A26D170-73E6-482F-AB90-E12958DDE4E2}.Debug|Any CPU.ActiveCfg = Debug|Any CPU
		{4A26D170-73E6-482F-AB90-E12958DDE4E2}.Debug|Any CPU.Build.0 = Debug|Any CPU
		{4A26D170-73E6-482F-AB90-E12958DDE4E2}.Release|Any CPU.ActiveCfg = Release|Any CPU
		{4A26D170-73E6-482F-AB90-E12958DDE4E2}.Release|Any CPU.Build.0 = Release|Any CPU
		{52798B25-9000-469A-892C-BC6AF73CA892}.Debug|Any CPU.ActiveCfg = Debug|Any CPU
		{52798B25-9000-469A-892C-BC6AF73CA892}.Debug|Any CPU.Build.0 = Debug|Any CPU
		{52798B25-9000-469A-892C-BC6AF73CA892}.Release|Any CPU.ActiveCfg = Release|Any CPU
		{52798B25-9000-469A-892C-BC6AF73CA892}.Release|Any CPU.Build.0 = Release|Any CPU
		{98635127-0857-41B3-A27F-24F3F3D3DC08}.Debug|Any CPU.ActiveCfg = Debug|Any CPU
		{98635127-0857-41B3-A27F-24F3F3D3DC08}.Debug|Any CPU.Build.0 = Debug|Any CPU
		{98635127-0857-41B3-A27F-24F3F3D3DC08}.Release|Any CPU.ActiveCfg = Release|Any CPU
		{98635127-0857-41B3-A27F-24F3F3D3DC08}.Release|Any CPU.Build.0 = Release|Any CPU
		{718115D5-FFA8-4A55-AE5F-C41F6C7F2D9D}.Debug|Any CPU.ActiveCfg = Debug|Any CPU
		{718115D5-FFA8-4A55-AE5F-C41F6C7F2D9D}.Debug|Any CPU.Build.0 = Debug|Any CPU
		{718115D5-FFA8-4A55-AE5F-C41F6C7F2D9D}.Release|Any CPU.ActiveCfg = Release|Any CPU
		{718115D5-FFA8-4A55-AE5F-C41F6C7F2D9D}.Release|Any CPU.Build.0 = Release|Any CPU
		{814D841B-8E5A-4BC6-A85B-B78DB4890B3E}.Debug|Any CPU.ActiveCfg = Debug|Any CPU
		{814D841B-8E5A-4BC6-A85B-B78DB4890B3E}.Debug|Any CPU.Build.0 = Debug|Any CPU
		{814D841B-8E5A-4BC6-A85B-B78DB4890B3E}.Release|Any CPU.ActiveCfg = Release|Any CPU
		{814D841B-8E5A-4BC6-A85B-B78DB4890B3E}.Release|Any CPU.Build.0 = Release|Any CPU
	EndGlobalSection
	GlobalSection(SolutionProperties) = preSolution
		HideSolutionNode = FALSE
	EndGlobalSection
	GlobalSection(NestedProjects) = preSolution
		{98635127-0857-41B3-A27F-24F3F3D3DC08} = {7C92B942-1790-4FB3-8A82-E0F9D2C06F6F}
		{718115D5-FFA8-4A55-AE5F-C41F6C7F2D9D} = {63AEF409-C41D-4397-9647-FD1C11E330E5}
	EndGlobalSection
	GlobalSection(ExtensibilityGlobals) = postSolution
		SolutionGuid = {82220FB2-6255-436A-BAF8-F3951107DB24}
	EndGlobalSection
EndGlobal
