
Microsoft Visual Studio Solution File, Format Version 12.00
# Visual Studio Version 16
VisualStudioVersion = 16.0.31729.503
MinimumVisualStudioVersion = 10.0.40219.1
Project("{9A19103F-16F7-4668-BE54-9A1E7A4F7556}") = "KYH-KalleApi", "KYH-KalleApi\KYH-KalleApi.csproj", "{B68D43F3-A75D-4808-A5BE-8C015AB02D28}"
EndProject
Project("{9A19103F-16F7-4668-BE54-9A1E7A4F7556}") = "KYH-Kalle.Core", "KYH-Kalle.Core\KYH-Kalle.Core.csproj", "{7EE9CC46-A945-4060-BDE3-982D6CCCD57B}"
EndProject
Project("{FAE04EC0-301F-11D3-BF4B-00C04F79EFBC}") = "UserConnect", "UserConnect\UserConnect.csproj", "{7A833AC9-8876-443B-9C70-B2F29AA07C57}"
EndProject
Global
	GlobalSection(SolutionConfigurationPlatforms) = preSolution
		Debug|Any CPU = Debug|Any CPU
		Release|Any CPU = Release|Any CPU
	EndGlobalSection
	GlobalSection(ProjectConfigurationPlatforms) = postSolution
		{B68D43F3-A75D-4808-A5BE-8C015AB02D28}.Debug|Any CPU.ActiveCfg = Debug|Any CPU
		{B68D43F3-A75D-4808-A5BE-8C015AB02D28}.Debug|Any CPU.Build.0 = Debug|Any CPU
		{B68D43F3-A75D-4808-A5BE-8C015AB02D28}.Release|Any CPU.ActiveCfg = Release|Any CPU
		{B68D43F3-A75D-4808-A5BE-8C015AB02D28}.Release|Any CPU.Build.0 = Release|Any CPU
		{7EE9CC46-A945-4060-BDE3-982D6CCCD57B}.Debug|Any CPU.ActiveCfg = Debug|Any CPU
		{7EE9CC46-A945-4060-BDE3-982D6CCCD57B}.Debug|Any CPU.Build.0 = Debug|Any CPU
		{7EE9CC46-A945-4060-BDE3-982D6CCCD57B}.Release|Any CPU.ActiveCfg = Release|Any CPU
		{7EE9CC46-A945-4060-BDE3-982D6CCCD57B}.Release|Any CPU.Build.0 = Release|Any CPU
		{7A833AC9-8876-443B-9C70-B2F29AA07C57}.Debug|Any CPU.ActiveCfg = Debug|Any CPU
		{7A833AC9-8876-443B-9C70-B2F29AA07C57}.Debug|Any CPU.Build.0 = Debug|Any CPU
		{7A833AC9-8876-443B-9C70-B2F29AA07C57}.Release|Any CPU.ActiveCfg = Release|Any CPU
		{7A833AC9-8876-443B-9C70-B2F29AA07C57}.Release|Any CPU.Build.0 = Release|Any CPU
	EndGlobalSection
	GlobalSection(SolutionProperties) = preSolution
		HideSolutionNode = FALSE
	EndGlobalSection
	GlobalSection(ExtensibilityGlobals) = postSolution
		SolutionGuid = {5D045F10-8C1A-468F-B766-DDC8B884EBDB}
	EndGlobalSection
EndGlobal
